
Microsoft Visual Studio Solution File, Format Version 12.00
# Visual Studio Version 16
VisualStudioVersion = 16.0.30517.126
MinimumVisualStudioVersion = 10.0.40219.1
Project("{FAE04EC0-301F-11D3-BF4B-00C04F79EFBC}") = "Tarea4_DanielEmilioMartinezEstevez", "Tarea4_DanielEmilioMartinezEstevez.csproj", "{5CF98DA2-C13B-4705-A7C1-2B12B01295D2}"
EndProject
Global
	GlobalSection(SolutionConfigurationPlatforms) = preSolution
		Debug|Any CPU = Debug|Any CPU
		Release|Any CPU = Release|Any CPU
	EndGlobalSection
	GlobalSection(ProjectConfigurationPlatforms) = postSolution
		{5CF98DA2-C13B-4705-A7C1-2B12B01295D2}.Debug|Any CPU.ActiveCfg = Debug|Any CPU
		{5CF98DA2-C13B-4705-A7C1-2B12B01295D2}.Debug|Any CPU.Build.0 = Debug|Any CPU
		{5CF98DA2-C13B-4705-A7C1-2B12B01295D2}.Release|Any CPU.ActiveCfg = Release|Any CPU
		{5CF98DA2-C13B-4705-A7C1-2B12B01295D2}.Release|Any CPU.Build.0 = Release|Any CPU
	EndGlobalSection
	GlobalSection(SolutionProperties) = preSolution
		HideSolutionNode = FALSE
	EndGlobalSection
	GlobalSection(ExtensibilityGlobals) = postSolution
		SolutionGuid = {C1DB7BEB-EC98-45D5-BD7E-52CD5C6FE755}
	EndGlobalSection
EndGlobal
